
Microsoft Visual Studio Solution File, Format Version 12.00
# Visual Studio Version 17
VisualStudioVersion = 17.11.35208.52
MinimumVisualStudioVersion = 10.0.40219.1
Project("{FAE04EC0-301F-11D3-BF4B-00C04F79EFBC}") = "ERP_Basico", "ERP_Basico.csproj", "{27D8E943-4438-410C-B669-C004B7495338}"
EndProject
Global
	GlobalSection(SolutionConfigurationPlatforms) = preSolution
		Debug|Any CPU = Debug|Any CPU
		Release|Any CPU = Release|Any CPU
	EndGlobalSection
	GlobalSection(ProjectConfigurationPlatforms) = postSolution
		{27D8E943-4438-410C-B669-C004B7495338}.Debug|Any CPU.ActiveCfg = Debug|Any CPU
		{27D8E943-4438-410C-B669-C004B7495338}.Debug|Any CPU.Build.0 = Debug|Any CPU
		{27D8E943-4438-410C-B669-C004B7495338}.Release|Any CPU.ActiveCfg = Release|Any CPU
		{27D8E943-4438-410C-B669-C004B7495338}.Release|Any CPU.Build.0 = Release|Any CPU
	EndGlobalSection
	GlobalSection(SolutionProperties) = preSolution
		HideSolutionNode = FALSE
	EndGlobalSection
	GlobalSection(ExtensibilityGlobals) = postSolution
		SolutionGuid = {B64E03BA-6394-4185-A75C-7C4A663C8A3C}
	EndGlobalSection
EndGlobal
